// !$*UTF8*$!
{
	archiveVersion = 1;
	classes = {
	};
	objectVersion = 56;
	objects = {

/* Begin PBXBuildFile section */
		0B9421032BE9213400068C20 /* SwiftDataExampleApp.swift in Sources */ = {isa = PBXBuildFile; fileRef = 0B9421022BE9213400068C20 /* SwiftDataExampleApp.swift */; };
		0B9421052BE9213400068C20 /* ContentView.swift in Sources */ = {isa = PBXBuildFile; fileRef = 0B9421042BE9213400068C20 /* ContentView.swift */; };
		0B9421072BE9213600068C20 /* Assets.xcassets in Resources */ = {isa = PBXBuildFile; fileRef = 0B9421062BE9213600068C20 /* Assets.xcassets */; };
		0B94210A2BE9213600068C20 /* Preview Assets.xcassets in Resources */ = {isa = PBXBuildFile; fileRef = 0B9421092BE9213600068C20 /* Preview Assets.xcassets */; };
		0B9421142BE9213600068C20 /* SwiftDataExampleTests.swift in Sources */ = {isa = PBXBuildFile; fileRef = 0B9421132BE9213600068C20 /* SwiftDataExampleTests.swift */; };
		0B94211E2BE9213600068C20 /* SwiftDataExampleUITests.swift in Sources */ = {isa = PBXBuildFile; fileRef = 0B94211D2BE9213600068C20 /* SwiftDataExampleUITests.swift */; };
		0B9421202BE9213600068C20 /* SwiftDataExampleUITestsLaunchTests.swift in Sources */ = {isa = PBXBuildFile; fileRef = 0B94211F2BE9213600068C20 /* SwiftDataExampleUITestsLaunchTests.swift */; };
		0B94212D2BE9215F00068C20 /* Friend.swift in Sources */ = {isa = PBXBuildFile; fileRef = 0B94212C2BE9215F00068C20 /* Friend.swift */; };
/* End PBXBuildFile section */

/* Begin PBXContainerItemProxy section */
		0B9421102BE9213600068C20 /* PBXContainerItemProxy */ = {
			isa = PBXContainerItemProxy;
			containerPortal = 0B9420F72BE9213400068C20 /* Project object */;
			proxyType = 1;
			remoteGlobalIDString = 0B9420FE2BE9213400068C20;
			remoteInfo = SwiftDataExample;
		};
		0B94211A2BE9213600068C20 /* PBXContainerItemProxy */ = {
			isa = PBXContainerItemProxy;
			containerPortal = 0B9420F72BE9213400068C20 /* Project object */;
			proxyType = 1;
			remoteGlobalIDString = 0B9420FE2BE9213400068C20;
			remoteInfo = SwiftDataExample;
		};
/* End PBXContainerItemProxy section */

/* Begin PBXFileReference section */
		0B9420FF2BE9213400068C20 /* SwiftDataExample.app */ = {isa = PBXFileReference; explicitFileType = wrapper.application; includeInIndex = 0; path = SwiftDataExample.app; sourceTree = BUILT_PRODUCTS_DIR; };
		0B9421022BE9213400068C20 /* SwiftDataExampleApp.swift */ = {isa = PBXFileReference; lastKnownFileType = sourcecode.swift; path = SwiftDataExampleApp.swift; sourceTree = "<group>"; };
		0B9421042BE9213400068C20 /* ContentView.swift */ = {isa = PBXFileReference; lastKnownFileType = sourcecode.swift; path = ContentView.swift; sourceTree = "<group>"; };
		0B9421062BE9213600068C20 /* Assets.xcassets */ = {isa = PBXFileReference; lastKnownFileType = folder.assetcatalog; path = Assets.xcassets; sourceTree = "<group>"; };
		0B9421092BE9213600068C20 /* Preview Assets.xcassets */ = {isa = PBXFileReference; lastKnownFileType = folder.assetcatalog; path = "Preview Assets.xcassets"; sourceTree = "<group>"; };
		0B94210F2BE9213600068C20 /* SwiftDataExampleTests.xctest */ = {isa = PBXFileReference; explicitFileType = wrapper.cfbundle; includeInIndex = 0; path = SwiftDataExampleTests.xctest; sourceTree = BUILT_PRODUCTS_DIR; };
		0B9421132BE9213600068C20 /* SwiftDataExampleTests.swift */ = {isa = PBXFileReference; lastKnownFileType = sourcecode.swift; path = SwiftDataExampleTests.swift; sourceTree = "<group>"; };
		0B9421192BE9213600068C20 /* SwiftDataExampleUITests.xctest */ = {isa = PBXFileReference; explicitFileType = wrapper.cfbundle; includeInIndex = 0; path = SwiftDataExampleUITests.xctest; sourceTree = BUILT_PRODUCTS_DIR; };
		0B94211D2BE9213600068C20 /* SwiftDataExampleUITests.swift */ = {isa = PBXFileReference; lastKnownFileType = sourcecode.swift; path = SwiftDataExampleUITests.swift; sourceTree = "<group>"; };
		0B94211F2BE9213600068C20 /* SwiftDataExampleUITestsLaunchTests.swift */ = {isa = PBXFileReference; lastKnownFileType = sourcecode.swift; path = SwiftDataExampleUITestsLaunchTests.swift; sourceTree = "<group>"; };
		0B94212C2BE9215F00068C20 /* Friend.swift */ = {isa = PBXFileReference; lastKnownFileType = sourcecode.swift; path = Friend.swift; sourceTree = "<group>"; };
/* End PBXFileReference section */

/* Begin PBXFrameworksBuildPhase section */
		0B9420FC2BE9213400068C20 /* Frameworks */ = {
			isa = PBXFrameworksBuildPhase;
			buildActionMask = 2147483647;
			files = (
			);
			runOnlyForDeploymentPostprocessing = 0;
		};
		0B94210C2BE9213600068C20 /* Frameworks */ = {
			isa = PBXFrameworksBuildPhase;
			buildActionMask = 2147483647;
			files = (
			);
			runOnlyForDeploymentPostprocessing = 0;
		};
		0B9421162BE9213600068C20 /* Frameworks */ = {
			isa = PBXFrameworksBuildPhase;
			buildActionMask = 2147483647;
			files = (
			);
			runOnlyForDeploymentPostprocessing = 0;
		};
/* End PBXFrameworksBuildPhase section */

/* Begin PBXGroup section */
		0B9420F62BE9213400068C20 = {
			isa = PBXGroup;
			children = (
				0B9421012BE9213400068C20 /* SwiftDataExample */,
				0B9421122BE9213600068C20 /* SwiftDataExampleTests */,
				0B94211C2BE9213600068C20 /* SwiftDataExampleUITests */,
				0B9421002BE9213400068C20 /* Products */,
			);
			sourceTree = "<group>";
		};
		0B9421002BE9213400068C20 /* Products */ = {
			isa = PBXGroup;
			children = (
				0B9420FF2BE9213400068C20 /* SwiftDataExample.app */,
				0B94210F2BE9213600068C20 /* SwiftDataExampleTests.xctest */,
				0B9421192BE9213600068C20 /* SwiftDataExampleUITests.xctest */,
			);
			name = Products;
			sourceTree = "<group>";
		};
		0B9421012BE9213400068C20 /* SwiftDataExample */ = {
			isa = PBXGroup;
			children = (
				0B9421022BE9213400068C20 /* SwiftDataExampleApp.swift */,
				0B9421042BE9213400068C20 /* ContentView.swift */,
				0B9421062BE9213600068C20 /* Assets.xcassets */,
				0B9421082BE9213600068C20 /* Preview Content */,
				0B94212C2BE9215F00068C20 /* Friend.swift */,
			);
			path = SwiftDataExample;
			sourceTree = "<group>";
		};
		0B9421082BE9213600068C20 /* Preview Content */ = {
			isa = PBXGroup;
			children = (
				0B9421092BE9213600068C20 /* Preview Assets.xcassets */,
			);
			path = "Preview Content";
			sourceTree = "<group>";
		};
		0B9421122BE9213600068C20 /* SwiftDataExampleTests */ = {
			isa = PBXGroup;
			children = (
				0B9421132BE9213600068C20 /* SwiftDataExampleTests.swift */,
			);
			path = SwiftDataExampleTests;
			sourceTree = "<group>";
		};
		0B94211C2BE9213600068C20 /* SwiftDataExampleUITests */ = {
			isa = PBXGroup;
			children = (
				0B94211D2BE9213600068C20 /* SwiftDataExampleUITests.swift */,
				0B94211F2BE9213600068C20 /* SwiftDataExampleUITestsLaunchTests.swift */,
			);
			path = SwiftDataExampleUITests;
			sourceTree = "<group>";
		};
/* End PBXGroup section */

/* Begin PBXNativeTarget section */
		0B9420FE2BE9213400068C20 /* SwiftDataExample */ = {
			isa = PBXNativeTarget;
			buildConfigurationList = 0B9421232BE9213600068C20 /* Build configuration list for PBXNativeTarget "SwiftDataExample" */;
			buildPhases = (
				0B9420FB2BE9213400068C20 /* Sources */,
				0B9420FC2BE9213400068C20 /* Frameworks */,
				0B9420FD2BE9213400068C20 /* Resources */,
			);
			buildRules = (
			);
			dependencies = (
			);
			name = SwiftDataExample;
			productName = SwiftDataExample;
			productReference = 0B9420FF2BE9213400068C20 /* SwiftDataExample.app */;
			productType = "com.apple.product-type.application";
		};
		0B94210E2BE9213600068C20 /* SwiftDataExampleTests */ = {
			isa = PBXNativeTarget;
			buildConfigurationList = 0B9421262BE9213600068C20 /* Build configuration list for PBXNativeTarget "SwiftDataExampleTests" */;
			buildPhases = (
				0B94210B2BE9213600068C20 /* Sources */,
				0B94210C2BE9213600068C20 /* Frameworks */,
				0B94210D2BE9213600068C20 /* Resources */,
			);
			buildRules = (
			);
			dependencies = (
				0B9421112BE9213600068C20 /* PBXTargetDependency */,
			);
			name = SwiftDataExampleTests;
			productName = SwiftDataExampleTests;
			productReference = 0B94210F2BE9213600068C20 /* SwiftDataExampleTests.xctest */;
			productType = "com.apple.product-type.bundle.unit-test";
		};
		0B9421182BE9213600068C20 /* SwiftDataExampleUITests */ = {
			isa = PBXNativeTarget;
			buildConfigurationList = 0B9421292BE9213600068C20 /* Build configuration list for PBXNativeTarget "SwiftDataExampleUITests" */;
			buildPhases = (
				0B9421152BE9213600068C20 /* Sources */,
				0B9421162BE9213600068C20 /* Frameworks */,
				0B9421172BE9213600068C20 /* Resources */,
			);
			buildRules = (
			);
			dependencies = (
				0B94211B2BE9213600068C20 /* PBXTargetDependency */,
			);
			name = SwiftDataExampleUITests;
			productName = SwiftDataExampleUITests;
			productReference = 0B9421192BE9213600068C20 /* SwiftDataExampleUITests.xctest */;
			productType = "com.apple.product-type.bundle.ui-testing";
		};
/* End PBXNativeTarget section */

/* Begin PBXProject section */
		0B9420F72BE9213400068C20 /* Project object */ = {
			isa = PBXProject;
			attributes = {
				BuildIndependentTargetsInParallel = 1;
				LastSwiftUpdateCheck = 1530;
				LastUpgradeCheck = 1530;
				TargetAttributes = {
					0B9420FE2BE9213400068C20 = {
						CreatedOnToolsVersion = 15.3;
					};
					0B94210E2BE9213600068C20 = {
						CreatedOnToolsVersion = 15.3;
						TestTargetID = 0B9420FE2BE9213400068C20;
					};
					0B9421182BE9213600068C20 = {
						CreatedOnToolsVersion = 15.3;
						TestTargetID = 0B9420FE2BE9213400068C20;
					};
				};
			};
			buildConfigurationList = 0B9420FA2BE9213400068C20 /* Build configuration list for PBXProject "SwiftDataExample" */;
			compatibilityVersion = "Xcode 14.0";
			developmentRegion = en;
			hasScannedForEncodings = 0;
			knownRegions = (
				en,
				Base,
			);
			mainGroup = 0B9420F62BE9213400068C20;
			productRefGroup = 0B9421002BE9213400068C20 /* Products */;
			projectDirPath = "";
			projectRoot = "";
			targets = (
				0B9420FE2BE9213400068C20 /* SwiftDataExample */,
				0B94210E2BE9213600068C20 /* SwiftDataExampleTests */,
				0B9421182BE9213600068C20 /* SwiftDataExampleUITests */,
			);
		};
/* End PBXProject section */

/* Begin PBXResourcesBuildPhase section */
		0B9420FD2BE9213400068C20 /* Resources */ = {
			isa = PBXResourcesBuildPhase;
			buildActionMask = 2147483647;
			files = (
				0B94210A2BE9213600068C20 /* Preview Assets.xcassets in Resources */,
				0B9421072BE9213600068C20 /* Assets.xcassets in Resources */,
			);
			runOnlyForDeploymentPostprocessing = 0;
		};
		0B94210D2BE9213600068C20 /* Resources */ = {
			isa = PBXResourcesBuildPhase;
			buildActionMask = 2147483647;
			files = (
			);
			runOnlyForDeploymentPostprocessing = 0;
		};
		0B9421172BE9213600068C20 /* Resources */ = {
			isa = PBXResourcesBuildPhase;
			buildActionMask = 2147483647;
			files = (
			);
			runOnlyForDeploymentPostprocessing = 0;
		};
/* End PBXResourcesBuildPhase section */

/* Begin PBXSourcesBuildPhase section */
		0B9420FB2BE9213400068C20 /* Sources */ = {
			isa = PBXSourcesBuildPhase;
			buildActionMask = 2147483647;
			files = (
				0B94212D2BE9215F00068C20 /* Friend.swift in Sources */,
				0B9421052BE9213400068C20 /* ContentView.swift in Sources */,
				0B9421032BE9213400068C20 /* SwiftDataExampleApp.swift in Sources */,
			);
			runOnlyForDeploymentPostprocessing = 0;
		};
		0B94210B2BE9213600068C20 /* Sources */ = {
			isa = PBXSourcesBuildPhase;
			buildActionMask = 2147483647;
			files = (
				0B9421142BE9213600068C20 /* SwiftDataExampleTests.swift in Sources */,
			);
			runOnlyForDeploymentPostprocessing = 0;
		};
		0B9421152BE9213600068C20 /* Sources */ = {
			isa = PBXSourcesBuildPhase;
			buildActionMask = 2147483647;
			files = (
				0B94211E2BE9213600068C20 /* SwiftDataExampleUITests.swift in Sources */,
				0B9421202BE9213600068C20 /* SwiftDataExampleUITestsLaunchTests.swift in Sources */,
			);
			runOnlyForDeploymentPostprocessing = 0;
		};
/* End PBXSourcesBuildPhase section */

/* Begin PBXTargetDependency section */
		0B9421112BE9213600068C20 /* PBXTargetDependency */ = {
			isa = PBXTargetDependency;
			target = 0B9420FE2BE9213400068C20 /* SwiftDataExample */;
			targetProxy = 0B9421102BE9213600068C20 /* PBXContainerItemProxy */;
		};
		0B94211B2BE9213600068C20 /* PBXTargetDependency */ = {
			isa = PBXTargetDependency;
			target = 0B9420FE2BE9213400068C20 /* SwiftDataExample */;
			targetProxy = 0B94211A2BE9213600068C20 /* PBXContainerItemProxy */;
		};
/* End PBXTargetDependency section */

/* Begin XCBuildConfiguration section */
		0B9421212BE9213600068C20 /* Debug */ = {
			isa = XCBuildConfiguration;
			buildSettings = {
				ALWAYS_SEARCH_USER_PATHS = NO;
				ASSETCATALOG_COMPILER_GENERATE_SWIFT_ASSET_SYMBOL_EXTENSIONS = YES;
				CLANG_ANALYZER_NONNULL = YES;
				CLANG_ANALYZER_NUMBER_OBJECT_CONVERSION = YES_AGGRESSIVE;
				CLANG_CXX_LANGUAGE_STANDARD = "gnu++20";
				CLANG_ENABLE_MODULES = YES;
				CLANG_ENABLE_OBJC_ARC = YES;
				CLANG_ENABLE_OBJC_WEAK = YES;
				CLANG_WARN_BLOCK_CAPTURE_AUTORELEASING = YES;
				CLANG_WARN_BOOL_CONVERSION = YES;
				CLANG_WARN_COMMA = YES;
				CLANG_WARN_CONSTANT_CONVERSION = YES;
				CLANG_WARN_DEPRECATED_OBJC_IMPLEMENTATIONS = YES;
				CLANG_WARN_DIRECT_OBJC_ISA_USAGE = YES_ERROR;
				CLANG_WARN_DOCUMENTATION_COMMENTS = YES;
				CLANG_WARN_EMPTY_BODY = YES;
				CLANG_WARN_ENUM_CONVERSION = YES;
				CLANG_WARN_INFINITE_RECURSION = YES;
				CLANG_WARN_INT_CONVERSION = YES;
				CLANG_WARN_NON_LITERAL_NULL_CONVERSION = YES;
				CLANG_WARN_OBJC_IMPLICIT_RETAIN_SELF = YES;
				CLANG_WARN_OBJC_LITERAL_CONVERSION = YES;
				CLANG_WARN_OBJC_ROOT_CLASS = YES_ERROR;
				CLANG_WARN_QUOTED_INCLUDE_IN_FRAMEWORK_HEADER = YES;
				CLANG_WARN_RANGE_LOOP_ANALYSIS = YES;
				CLANG_WARN_STRICT_PROTOTYPES = YES;
				CLANG_WARN_SUSPICIOUS_MOVE = YES;
				CLANG_WARN_UNGUARDED_AVAILABILITY = YES_AGGRESSIVE;
				CLANG_WARN_UNREACHABLE_CODE = YES;
				CLANG_WARN__DUPLICATE_METHOD_MATCH = YES;
				COPY_PHASE_STRIP = NO;
				DEBUG_INFORMATION_FORMAT = dwarf;
				ENABLE_STRICT_OBJC_MSGSEND = YES;
				ENABLE_TESTABILITY = YES;
				ENABLE_USER_SCRIPT_SANDBOXING = YES;
				GCC_C_LANGUAGE_STANDARD = gnu17;
				GCC_DYNAMIC_NO_PIC = NO;
				GCC_NO_COMMON_BLOCKS = YES;
				GCC_OPTIMIZATION_LEVEL = 0;
				GCC_PREPROCESSOR_DEFINITIONS = (
					"DEBUG=1",
					"$(inherited)",
				);
				GCC_WARN_64_TO_32_BIT_CONVERSION = YES;
				GCC_WARN_ABOUT_RETURN_TYPE = YES_ERROR;
				GCC_WARN_UNDECLARED_SELECTOR = YES;
				GCC_WARN_UNINITIALIZED_AUTOS = YES_AGGRESSIVE;
				GCC_WARN_UNUSED_FUNCTION = YES;
				GCC_WARN_UNUSED_VARIABLE = YES;
				IPHONEOS_DEPLOYMENT_TARGET = 17.4;
				LOCALIZATION_PREFERS_STRING_CATALOGS = YES;
				MTL_ENABLE_DEBUG_INFO = INCLUDE_SOURCE;
				MTL_FAST_MATH = YES;
				ONLY_ACTIVE_ARCH = YES;
				SDKROOT = iphoneos;
				SWIFT_ACTIVE_COMPILATION_CONDITIONS = "DEBUG $(inherited)";
				SWIFT_OPTIMIZATION_LEVEL = "-Onone";
			};
			name = Debug;
		};
		0B9421222BE9213600068C20 /* Release */ = {
			isa = XCBuildConfiguration;
			buildSettings = {
				ALWAYS_SEARCH_USER_PATHS = NO;
				ASSETCATALOG_COMPILER_GENERATE_SWIFT_ASSET_SYMBOL_EXTENSIONS = YES;
				CLANG_ANALYZER_NONNULL = YES;
				CLANG_ANALYZER_NUMBER_OBJECT_CONVERSION = YES_AGGRESSIVE;
				CLANG_CXX_LANGUAGE_STANDARD = "gnu++20";
				CLANG_ENABLE_MODULES = YES;
				CLANG_ENABLE_OBJC_ARC = YES;
				CLANG_ENABLE_OBJC_WEAK = YES;
				CLANG_WARN_BLOCK_CAPTURE_AUTORELEASING = YES;
				CLANG_WARN_BOOL_CONVERSION = YES;
				CLANG_WARN_COMMA = YES;
				CLANG_WARN_CONSTANT_CONVERSION = YES;
				CLANG_WARN_DEPRECATED_OBJC_IMPLEMENTATIONS = YES;
				CLANG_WARN_DIRECT_OBJC_ISA_USAGE = YES_ERROR;
				CLANG_WARN_DOCUMENTATION_COMMENTS = YES;
				CLANG_WARN_EMPTY_BODY = YES;
				CLANG_WARN_ENUM_CONVERSION = YES;
				CLANG_WARN_INFINITE_RECURSION = YES;
				CLANG_WARN_INT_CONVERSION = YES;
				CLANG_WARN_NON_LITERAL_NULL_CONVERSION = YES;
				CLANG_WARN_OBJC_IMPLICIT_RETAIN_SELF = YES;
				CLANG_WARN_OBJC_LITERAL_CONVERSION = YES;
				CLANG_WARN_OBJC_ROOT_CLASS = YES_ERROR;
				CLANG_WARN_QUOTED_INCLUDE_IN_FRAMEWORK_HEADER = YES;
				CLANG_WARN_RANGE_LOOP_ANALYSIS = YES;
				CLANG_WARN_STRICT_PROTOTYPES = YES;
				CLANG_WARN_SUSPICIOUS_MOVE = YES;
				CLANG_WARN_UNGUARDED_AVAILABILITY = YES_AGGRESSIVE;
				CLANG_WARN_UNREACHABLE_CODE = YES;
				CLANG_WARN__DUPLICATE_METHOD_MATCH = YES;
				COPY_PHASE_STRIP = NO;
				DEBUG_INFORMATION_FORMAT = "dwarf-with-dsym";
				ENABLE_NS_ASSERTIONS = NO;
				ENABLE_STRICT_OBJC_MSGSEND = YES;
				ENABLE_USER_SCRIPT_SANDBOXING = YES;
				GCC_C_LANGUAGE_STANDARD = gnu17;
				GCC_NO_COMMON_BLOCKS = YES;
				GCC_WARN_64_TO_32_BIT_CONVERSION = YES;
				GCC_WARN_ABOUT_RETURN_TYPE = YES_ERROR;
				GCC_WARN_UNDECLARED_SELECTOR = YES;
				GCC_WARN_UNINITIALIZED_AUTOS = YES_AGGRESSIVE;
				GCC_WARN_UNUSED_FUNCTION = YES;
				GCC_WARN_UNUSED_VARIABLE = YES;
				IPHONEOS_DEPLOYMENT_TARGET = 17.4;
				LOCALIZATION_PREFERS_STRING_CATALOGS = YES;
				MTL_ENABLE_DEBUG_INFO = NO;
				MTL_FAST_MATH = YES;
				SDKROOT = iphoneos;
				SWIFT_COMPILATION_MODE = wholemodule;
				VALIDATE_PRODUCT = YES;
			};
			name = Release;
		};
		0B9421242BE9213600068C20 /* Debug */ = {
			isa = XCBuildConfiguration;
			buildSettings = {
				ASSETCATALOG_COMPILER_APPICON_NAME = AppIcon;
				ASSETCATALOG_COMPILER_GLOBAL_ACCENT_COLOR_NAME = AccentColor;
				CODE_SIGN_STYLE = Automatic;
				CURRENT_PROJECT_VERSION = 1;
				DEVELOPMENT_ASSET_PATHS = "\"SwiftDataExample/Preview Content\"";
				DEVELOPMENT_TEAM = 34UZ636LAD;
				ENABLE_PREVIEWS = YES;
				GENERATE_INFOPLIST_FILE = YES;
				INFOPLIST_KEY_UIApplicationSceneManifest_Generation = YES;
				INFOPLIST_KEY_UIApplicationSupportsIndirectInputEvents = YES;
				INFOPLIST_KEY_UILaunchScreen_Generation = YES;
				INFOPLIST_KEY_UISupportedInterfaceOrientations_iPad = "UIInterfaceOrientationPortrait UIInterfaceOrientationPortraitUpsideDown UIInterfaceOrientationLandscapeLeft UIInterfaceOrientationLandscapeRight";
				INFOPLIST_KEY_UISupportedInterfaceOrientations_iPhone = "UIInterfaceOrientationPortrait UIInterfaceOrientationLandscapeLeft UIInterfaceOrientationLandscapeRight";
				LD_RUNPATH_SEARCH_PATHS = (
					"$(inherited)",
					"@executable_path/Frameworks",
				);
				MARKETING_VERSION = 1.0;
				PRODUCT_BUNDLE_IDENTIFIER = "Sailor-Saturn.SwiftDataExample";
				PRODUCT_NAME = "$(TARGET_NAME)";
				SWIFT_EMIT_LOC_STRINGS = YES;
				SWIFT_VERSION = 5.0;
				TARGETED_DEVICE_FAMILY = "1,2";
			};
			name = Debug;
		};
		0B9421252BE9213600068C20 /* Release */ = {
			isa = XCBuildConfiguration;
			buildSettings = {
				ASSETCATALOG_COMPILER_APPICON_NAME = AppIcon;
				ASSETCATALOG_COMPILER_GLOBAL_ACCENT_COLOR_NAME = AccentColor;
				CODE_SIGN_STYLE = Automatic;
				CURRENT_PROJECT_VERSION = 1;
				DEVELOPMENT_ASSET_PATHS = "\"SwiftDataExample/Preview Content\"";
				DEVELOPMENT_TEAM = 34UZ636LAD;
				ENABLE_PREVIEWS = YES;
				GENERATE_INFOPLIST_FILE = YES;
				INFOPLIST_KEY_UIApplicationSceneManifest_Generation = YES;
				INFOPLIST_KEY_UIApplicationSupportsIndirectInputEvents = YES;
				INFOPLIST_KEY_UILaunchScreen_Generation = YES;
				INFOPLIST_KEY_UISupportedInterfaceOrientations_iPad = "UIInterfaceOrientationPortrait UIInterfaceOrientationPortraitUpsideDown UIInterfaceOrientationLandscapeLeft UIInterfaceOrientationLandscapeRight";
				INFOPLIST_KEY_UISupportedInterfaceOrientations_iPhone = "UIInterfaceOrientationPortrait UIInterfaceOrientationLandscapeLeft UIInterfaceOrientationLandscapeRight";
				LD_RUNPATH_SEARCH_PATHS = (
					"$(inherited)",
					"@executable_path/Frameworks",
				);
				MARKETING_VERSION = 1.0;
				PRODUCT_BUNDLE_IDENTIFIER = "Sailor-Saturn.SwiftDataExample";
				PRODUCT_NAME = "$(TARGET_NAME)";
				SWIFT_EMIT_LOC_STRINGS = YES;
				SWIFT_VERSION = 5.0;
				TARGETED_DEVICE_FAMILY = "1,2";
			};
			name = Release;
		};
		0B9421272BE9213600068C20 /* Debug */ = {
			isa = XCBuildConfiguration;
			buildSettings = {
				ALWAYS_EMBED_SWIFT_STANDARD_LIBRARIES = YES;
				BUNDLE_LOADER = "$(TEST_HOST)";
				CODE_SIGN_STYLE = Automatic;
				CURRENT_PROJECT_VERSION = 1;
				DEVELOPMENT_TEAM = 34UZ636LAD;
				GENERATE_INFOPLIST_FILE = YES;
				IPHONEOS_DEPLOYMENT_TARGET = 17.4;
				MARKETING_VERSION = 1.0;
				PRODUCT_BUNDLE_IDENTIFIER = "Sailor-Saturn.SwiftDataExampleTests";
				PRODUCT_NAME = "$(TARGET_NAME)";
				SWIFT_EMIT_LOC_STRINGS = NO;
				SWIFT_VERSION = 5.0;
				TARGETED_DEVICE_FAMILY = "1,2";
				TEST_HOST = "$(BUILT_PRODUCTS_DIR)/SwiftDataExample.app/$(BUNDLE_EXECUTABLE_FOLDER_PATH)/SwiftDataExample";
			};
			name = Debug;
		};
		0B9421282BE9213600068C20 /* Release */ = {
			isa = XCBuildConfiguration;
			buildSettings = {
				ALWAYS_EMBED_SWIFT_STANDARD_LIBRARIES = YES;
				BUNDLE_LOADER = "$(TEST_HOST)";
				CODE_SIGN_STYLE = Automatic;
				CURRENT_PROJECT_VERSION = 1;
				DEVELOPMENT_TEAM = 34UZ636LAD;
				GENERATE_INFOPLIST_FILE = YES;
				IPHONEOS_DEPLOYMENT_TARGET = 17.4;
				MARKETING_VERSION = 1.0;
				PRODUCT_BUNDLE_IDENTIFIER = "Sailor-Saturn.SwiftDataExampleTests";
				PRODUCT_NAME = "$(TARGET_NAME)";
				SWIFT_EMIT_LOC_STRINGS = NO;
				SWIFT_VERSION = 5.0;
				TARGETED_DEVICE_FAMILY = "1,2";
				TEST_HOST = "$(BUILT_PRODUCTS_DIR)/SwiftDataExample.app/$(BUNDLE_EXECUTABLE_FOLDER_PATH)/SwiftDataExample";
			};
			name = Release;
		};
		0B94212A2BE9213600068C20 /* Debug */ = {
			isa = XCBuildConfiguration;
			buildSettings = {
				ALWAYS_EMBED_SWIFT_STANDARD_LIBRARIES = YES;
				CODE_SIGN_STYLE = Automatic;
				CURRENT_PROJECT_VERSION = 1;
				DEVELOPMENT_TEAM = 34UZ636LAD;
				GENERATE_INFOPLIST_FILE = YES;
				MARKETING_VERSION = 1.0;
				PRODUCT_BUNDLE_IDENTIFIER = "Sailor-Saturn.SwiftDataExampleUITests";
				PRODUCT_NAME = "$(TARGET_NAME)";
				SWIFT_EMIT_LOC_STRINGS = NO;
				SWIFT_VERSION = 5.0;
				TARGETED_DEVICE_FAMILY = "1,2";
				TEST_TARGET_NAME = SwiftDataExample;
			};
			name = Debug;
		};
		0B94212B2BE9213600068C20 /* Release */ = {
			isa = XCBuildConfiguration;
			buildSettings = {
				ALWAYS_EMBED_SWIFT_STANDARD_LIBRARIES = YES;
				CODE_SIGN_STYLE = Automatic;
				CURRENT_PROJECT_VERSION = 1;
				DEVELOPMENT_TEAM = 34UZ636LAD;
				GENERATE_INFOPLIST_FILE = YES;
				MARKETING_VERSION = 1.0;
				PRODUCT_BUNDLE_IDENTIFIER = "Sailor-Saturn.SwiftDataExampleUITests";
				PRODUCT_NAME = "$(TARGET_NAME)";
				SWIFT_EMIT_LOC_STRINGS = NO;
				SWIFT_VERSION = 5.0;
				TARGETED_DEVICE_FAMILY = "1,2";
				TEST_TARGET_NAME = SwiftDataExample;
			};
			name = Release;
		};
/* End XCBuildConfiguration section */

/* Begin XCConfigurationList section */
		0B9420FA2BE9213400068C20 /* Build configuration list for PBXProject "SwiftDataExample" */ = {
			isa = XCConfigurationList;
			buildConfigurations = (
				0B9421212BE9213600068C20 /* Debug */,
				0B9421222BE9213600068C20 /* Release */,
			);
			defaultConfigurationIsVisible = 0;
			defaultConfigurationName = Release;
		};
		0B9421232BE9213600068C20 /* Build configuration list for PBXNativeTarget "SwiftDataExample" */ = {
			isa = XCConfigurationList;
			buildConfigurations = (
				0B9421242BE9213600068C20 /* Debug */,
				0B9421252BE9213600068C20 /* Release */,
			);
			defaultConfigurationIsVisible = 0;
			defaultConfigurationName = Release;
		};
		0B9421262BE9213600068C20 /* Build configuration list for PBXNativeTarget "SwiftDataExampleTests" */ = {
			isa = XCConfigurationList;
			buildConfigurations = (
				0B9421272BE9213600068C20 /* Debug */,
				0B9421282BE9213600068C20 /* Release */,
			);
			defaultConfigurationIsVisible = 0;
			defaultConfigurationName = Release;
		};
		0B9421292BE9213600068C20 /* Build configuration list for PBXNativeTarget "SwiftDataExampleUITests" */ = {
			isa = XCConfigurationList;
			buildConfigurations = (
				0B94212A2BE9213600068C20 /* Debug */,
				0B94212B2BE9213600068C20 /* Release */,
			);
			defaultConfigurationIsVisible = 0;
			defaultConfigurationName = Release;
		};
/* End XCConfigurationList section */
	};
	rootObject = 0B9420F72BE9213400068C20 /* Project object */;
}
